// !$*UTF8*$!
{
	archiveVersion = 1;
	classes = {
	};
	objectVersion = 46;
	objects = {

/* Begin PBXBuildFile section */
		56B31E28476F70C066306337 /* Pods_FORScrollViewEmptyAssistant_Tests.framework in Frameworks */ = {isa = PBXBuildFile; fileRef = 402F5D102B69CA6C1B909E9D /* Pods_FORScrollViewEmptyAssistant_Tests.framework */; };
		6003F58E195388D20070C39A /* Foundation.framework in Frameworks */ = {isa = PBXBuildFile; fileRef = 6003F58D195388D20070C39A /* Foundation.framework */; };
		6003F590195388D20070C39A /* CoreGraphics.framework in Frameworks */ = {isa = PBXBuildFile; fileRef = 6003F58F195388D20070C39A /* CoreGraphics.framework */; };
		6003F592195388D20070C39A /* UIKit.framework in Frameworks */ = {isa = PBXBuildFile; fileRef = 6003F591195388D20070C39A /* UIKit.framework */; };
		6003F598195388D20070C39A /* InfoPlist.strings in Resources */ = {isa = PBXBuildFile; fileRef = 6003F596195388D20070C39A /* InfoPlist.strings */; };
		6003F59A195388D20070C39A /* main.m in Sources */ = {isa = PBXBuildFile; fileRef = 6003F599195388D20070C39A /* main.m */; };
		6003F59E195388D20070C39A /* FORAppDelegate.m in Sources */ = {isa = PBXBuildFile; fileRef = 6003F59D195388D20070C39A /* FORAppDelegate.m */; };
		6003F5A7195388D20070C39A /* FORViewController.m in Sources */ = {isa = PBXBuildFile; fileRef = 6003F5A6195388D20070C39A /* FORViewController.m */; };
		6003F5A9195388D20070C39A /* Images.xcassets in Resources */ = {isa = PBXBuildFile; fileRef = 6003F5A8195388D20070C39A /* Images.xcassets */; };
		6003F5B0195388D20070C39A /* XCTest.framework in Frameworks */ = {isa = PBXBuildFile; fileRef = 6003F5AF195388D20070C39A /* XCTest.framework */; };
		6003F5B1195388D20070C39A /* Foundation.framework in Frameworks */ = {isa = PBXBuildFile; fileRef = 6003F58D195388D20070C39A /* Foundation.framework */; };
		6003F5B2195388D20070C39A /* UIKit.framework in Frameworks */ = {isa = PBXBuildFile; fileRef = 6003F591195388D20070C39A /* UIKit.framework */; };
		6003F5BA195388D20070C39A /* InfoPlist.strings in Resources */ = {isa = PBXBuildFile; fileRef = 6003F5B8195388D20070C39A /* InfoPlist.strings */; };
		6003F5BC195388D20070C39A /* Tests.m in Sources */ = {isa = PBXBuildFile; fileRef = 6003F5BB195388D20070C39A /* Tests.m */; };
		756F058B27A779CD0F46EC20 /* Pods_FORScrollViewEmptyAssistant_Example.framework in Frameworks */ = {isa = PBXBuildFile; fileRef = B3604D49AA5C2F3D2CBCE4A4 /* Pods_FORScrollViewEmptyAssistant_Example.framework */; };
		873B8AEB1B1F5CCA007FD442 /* Main.storyboard in Resources */ = {isa = PBXBuildFile; fileRef = 873B8AEA1B1F5CCA007FD442 /* Main.storyboard */; };
		DE15216C1DABE51300A01D27 /* FORScrollViewEmptyAssistant_iOS.h in Headers */ = {isa = PBXBuildFile; fileRef = DE15216A1DABE51300A01D27 /* FORScrollViewEmptyAssistant_iOS.h */; settings = {ATTRIBUTES = (Public, ); }; };
		DE15216F1DABE51300A01D27 /* FORScrollViewEmptyAssistant_iOS.framework in Frameworks */ = {isa = PBXBuildFile; fileRef = DE1521681DABE51300A01D27 /* FORScrollViewEmptyAssistant_iOS.framework */; };
		DE1521701DABE51300A01D27 /* FORScrollViewEmptyAssistant_iOS.framework in Embed Frameworks */ = {isa = PBXBuildFile; fileRef = DE1521681DABE51300A01D27 /* FORScrollViewEmptyAssistant_iOS.framework */; settings = {ATTRIBUTES = (CodeSignOnCopy, RemoveHeadersOnCopy, ); }; };
		DE15217D1DABE5E000A01D27 /* FOREmptyAssistantConfiger.h in Headers */ = {isa = PBXBuildFile; fileRef = DE1521791DABE5E000A01D27 /* FOREmptyAssistantConfiger.h */; settings = {ATTRIBUTES = (Public, ); }; };
		DE15217E1DABE5E000A01D27 /* FOREmptyAssistantConfiger.m in Sources */ = {isa = PBXBuildFile; fileRef = DE15217A1DABE5E000A01D27 /* FOREmptyAssistantConfiger.m */; };
		DE15217F1DABE5E000A01D27 /* FORScrollViewEmptyAssistant.h in Headers */ = {isa = PBXBuildFile; fileRef = DE15217B1DABE5E000A01D27 /* FORScrollViewEmptyAssistant.h */; settings = {ATTRIBUTES = (Public, ); }; };
		DE1521801DABE5E000A01D27 /* FORScrollViewEmptyAssistant.m in Sources */ = {isa = PBXBuildFile; fileRef = DE15217C1DABE5E000A01D27 /* FORScrollViewEmptyAssistant.m */; };
		DE1521841DABE5FD00A01D27 /* blank_button@2x.png in Resources */ = {isa = PBXBuildFile; fileRef = DE1521811DABE5FD00A01D27 /* blank_button@2x.png */; };
		DE1521851DABE5FD00A01D27 /* blank_button@3x.png in Resources */ = {isa = PBXBuildFile; fileRef = DE1521821DABE5FD00A01D27 /* blank_button@3x.png */; };
		DE15218C1DABE9B200A01D27 /* DZNEmptyDataSet.framework in Frameworks */ = {isa = PBXBuildFile; fileRef = DE1521881DABE6C600A01D27 /* DZNEmptyDataSet.framework */; };
		DE15219A1DABED2400A01D27 /* UIScrollView+EmptyDataSet.h in Headers */ = {isa = PBXBuildFile; fileRef = DE1521981DABED2400A01D27 /* UIScrollView+EmptyDataSet.h */; };
		DE15219B1DABED2400A01D27 /* UIScrollView+EmptyDataSet.m in Sources */ = {isa = PBXBuildFile; fileRef = DE1521991DABED2400A01D27 /* UIScrollView+EmptyDataSet.m */; };
		F014EBB11CED53E800FED264 /* launch.xib in Resources */ = {isa = PBXBuildFile; fileRef = F014EBB01CED53E800FED264 /* launch.xib */; };
/* End PBXBuildFile section */

/* Begin PBXContainerItemProxy section */
		6003F5B3195388D20070C39A /* PBXContainerItemProxy */ = {
			isa = PBXContainerItemProxy;
			containerPortal = 6003F582195388D10070C39A /* Project object */;
			proxyType = 1;
			remoteGlobalIDString = 6003F589195388D20070C39A;
			remoteInfo = FORScrollViewEmptyAssistant;
		};
		DE15216D1DABE51300A01D27 /* PBXContainerItemProxy */ = {
			isa = PBXContainerItemProxy;
			containerPortal = 6003F582195388D10070C39A /* Project object */;
			proxyType = 1;
			remoteGlobalIDString = DE1521671DABE51300A01D27;
			remoteInfo = FORScrollViewEmptyAssistant_iOS;
		};
/* End PBXContainerItemProxy section */

/* Begin PBXCopyFilesBuildPhase section */
		DE1521741DABE51300A01D27 /* Embed Frameworks */ = {
			isa = PBXCopyFilesBuildPhase;
			buildActionMask = 2147483647;
			dstPath = "";
			dstSubfolderSpec = 10;
			files = (
				DE1521701DABE51300A01D27 /* FORScrollViewEmptyAssistant_iOS.framework in Embed Frameworks */,
			);
			name = "Embed Frameworks";
			runOnlyForDeploymentPostprocessing = 0;
		};
/* End PBXCopyFilesBuildPhase section */

/* Begin PBXFileReference section */
		1AD138E7204830EE5FC57E7B /* FORScrollViewEmptyAssistant.podspec */ = {isa = PBXFileReference; includeInIndex = 1; lastKnownFileType = text; name = FORScrollViewEmptyAssistant.podspec; path = ../FORScrollViewEmptyAssistant.podspec; sourceTree = "<group>"; };
		2879C1A0E2D21FDB91571E20 /* Pods-FORScrollViewEmptyAssistant_Tests.release.xcconfig */ = {isa = PBXFileReference; includeInIndex = 1; lastKnownFileType = text.xcconfig; name = "Pods-FORScrollViewEmptyAssistant_Tests.release.xcconfig"; path = "Pods/Target Support Files/Pods-FORScrollViewEmptyAssistant_Tests/Pods-FORScrollViewEmptyAssistant_Tests.release.xcconfig"; sourceTree = "<group>"; };
		2C73FEEB87FD5AFD122401EC /* LICENSE */ = {isa = PBXFileReference; includeInIndex = 1; lastKnownFileType = text; name = LICENSE; path = ../LICENSE; sourceTree = "<group>"; };
		402F5D102B69CA6C1B909E9D /* Pods_FORScrollViewEmptyAssistant_Tests.framework */ = {isa = PBXFileReference; explicitFileType = wrapper.framework; includeInIndex = 0; path = Pods_FORScrollViewEmptyAssistant_Tests.framework; sourceTree = BUILT_PRODUCTS_DIR; };
		6003F58A195388D20070C39A /* FORScrollViewEmptyAssistant_Example.app */ = {isa = PBXFileReference; explicitFileType = wrapper.application; includeInIndex = 0; path = FORScrollViewEmptyAssistant_Example.app; sourceTree = BUILT_PRODUCTS_DIR; };
		6003F58D195388D20070C39A /* Foundation.framework */ = {isa = PBXFileReference; lastKnownFileType = wrapper.framework; name = Foundation.framework; path = System/Library/Frameworks/Foundation.framework; sourceTree = SDKROOT; };
		6003F58F195388D20070C39A /* CoreGraphics.framework */ = {isa = PBXFileReference; lastKnownFileType = wrapper.framework; name = CoreGraphics.framework; path = System/Library/Frameworks/CoreGraphics.framework; sourceTree = SDKROOT; };
		6003F591195388D20070C39A /* UIKit.framework */ = {isa = PBXFileReference; lastKnownFileType = wrapper.framework; name = UIKit.framework; path = System/Library/Frameworks/UIKit.framework; sourceTree = SDKROOT; };
		6003F595195388D20070C39A /* FORScrollViewEmptyAssistant-Info.plist */ = {isa = PBXFileReference; lastKnownFileType = text.plist.xml; path = "FORScrollViewEmptyAssistant-Info.plist"; sourceTree = "<group>"; };
		6003F597195388D20070C39A /* en */ = {isa = PBXFileReference; lastKnownFileType = text.plist.strings; name = en; path = en.lproj/InfoPlist.strings; sourceTree = "<group>"; };
		6003F599195388D20070C39A /* main.m */ = {isa = PBXFileReference; lastKnownFileType = sourcecode.c.objc; path = main.m; sourceTree = "<group>"; };
		6003F59B195388D20070C39A /* FORScrollViewEmptyAssistant-Prefix.pch */ = {isa = PBXFileReference; lastKnownFileType = sourcecode.c.h; path = "FORScrollViewEmptyAssistant-Prefix.pch"; sourceTree = "<group>"; };
		6003F59C195388D20070C39A /* FORAppDelegate.h */ = {isa = PBXFileReference; lastKnownFileType = sourcecode.c.h; path = FORAppDelegate.h; sourceTree = "<group>"; };
		6003F59D195388D20070C39A /* FORAppDelegate.m */ = {isa = PBXFileReference; lastKnownFileType = sourcecode.c.objc; path = FORAppDelegate.m; sourceTree = "<group>"; };
		6003F5A5195388D20070C39A /* FORViewController.h */ = {isa = PBXFileReference; lastKnownFileType = sourcecode.c.h; path = FORViewController.h; sourceTree = "<group>"; };
		6003F5A6195388D20070C39A /* FORViewController.m */ = {isa = PBXFileReference; lastKnownFileType = sourcecode.c.objc; path = FORViewController.m; sourceTree = "<group>"; };
		6003F5A8195388D20070C39A /* Images.xcassets */ = {isa = PBXFileReference; lastKnownFileType = folder.assetcatalog; path = Images.xcassets; sourceTree = "<group>"; };
		6003F5AE195388D20070C39A /* FORScrollViewEmptyAssistant_Tests.xctest */ = {isa = PBXFileReference; explicitFileType = wrapper.cfbundle; includeInIndex = 0; path = FORScrollViewEmptyAssistant_Tests.xctest; sourceTree = BUILT_PRODUCTS_DIR; };
		6003F5AF195388D20070C39A /* XCTest.framework */ = {isa = PBXFileReference; lastKnownFileType = wrapper.framework; name = XCTest.framework; path = Library/Frameworks/XCTest.framework; sourceTree = DEVELOPER_DIR; };
		6003F5B7195388D20070C39A /* Tests-Info.plist */ = {isa = PBXFileReference; lastKnownFileType = text.plist.xml; path = "Tests-Info.plist"; sourceTree = "<group>"; };
		6003F5B9195388D20070C39A /* en */ = {isa = PBXFileReference; lastKnownFileType = text.plist.strings; name = en; path = en.lproj/InfoPlist.strings; sourceTree = "<group>"; };
		6003F5BB195388D20070C39A /* Tests.m */ = {isa = PBXFileReference; lastKnownFileType = sourcecode.c.objc; path = Tests.m; sourceTree = "<group>"; };
		606FC2411953D9B200FFA9A0 /* Tests-Prefix.pch */ = {isa = PBXFileReference; lastKnownFileType = sourcecode.c.h; path = "Tests-Prefix.pch"; sourceTree = "<group>"; };
		62624AAD12340844B56E2BFF /* Pods-FORScrollViewEmptyAssistant_Example.debug.xcconfig */ = {isa = PBXFileReference; includeInIndex = 1; lastKnownFileType = text.xcconfig; name = "Pods-FORScrollViewEmptyAssistant_Example.debug.xcconfig"; path = "Pods/Target Support Files/Pods-FORScrollViewEmptyAssistant_Example/Pods-FORScrollViewEmptyAssistant_Example.debug.xcconfig"; sourceTree = "<group>"; };
		818B84504070ADF794A4FADC /* Pods-FORScrollViewEmptyAssistant_Example.release.xcconfig */ = {isa = PBXFileReference; includeInIndex = 1; lastKnownFileType = text.xcconfig; name = "Pods-FORScrollViewEmptyAssistant_Example.release.xcconfig"; path = "Pods/Target Support Files/Pods-FORScrollViewEmptyAssistant_Example/Pods-FORScrollViewEmptyAssistant_Example.release.xcconfig"; sourceTree = "<group>"; };
		873B8AEA1B1F5CCA007FD442 /* Main.storyboard */ = {isa = PBXFileReference; fileEncoding = 4; lastKnownFileType = file.storyboard; path = Main.storyboard; sourceTree = "<group>"; };
		B3604D49AA5C2F3D2CBCE4A4 /* Pods_FORScrollViewEmptyAssistant_Example.framework */ = {isa = PBXFileReference; explicitFileType = wrapper.framework; includeInIndex = 0; path = Pods_FORScrollViewEmptyAssistant_Example.framework; sourceTree = BUILT_PRODUCTS_DIR; };
		BB7F0CE2FEDB72AEE001A8CC /* README.md */ = {isa = PBXFileReference; includeInIndex = 1; lastKnownFileType = net.daringfireball.markdown; name = README.md; path = ../README.md; sourceTree = "<group>"; };
		DE1521681DABE51300A01D27 /* FORScrollViewEmptyAssistant_iOS.framework */ = {isa = PBXFileReference; explicitFileType = wrapper.framework; includeInIndex = 0; path = FORScrollViewEmptyAssistant_iOS.framework; sourceTree = BUILT_PRODUCTS_DIR; };
		DE15216A1DABE51300A01D27 /* FORScrollViewEmptyAssistant_iOS.h */ = {isa = PBXFileReference; lastKnownFileType = sourcecode.c.h; path = FORScrollViewEmptyAssistant_iOS.h; sourceTree = "<group>"; };
		DE15216B1DABE51300A01D27 /* Info.plist */ = {isa = PBXFileReference; lastKnownFileType = text.plist.xml; path = Info.plist; sourceTree = "<group>"; };
		DE1521791DABE5E000A01D27 /* FOREmptyAssistantConfiger.h */ = {isa = PBXFileReference; fileEncoding = 4; lastKnownFileType = sourcecode.c.h; name = FOREmptyAssistantConfiger.h; path = ../../FORScrollViewEmptyAssistant/Classes/FOREmptyAssistantConfiger.h; sourceTree = "<group>"; };
		DE15217A1DABE5E000A01D27 /* FOREmptyAssistantConfiger.m */ = {isa = PBXFileReference; fileEncoding = 4; lastKnownFileType = sourcecode.c.objc; name = FOREmptyAssistantConfiger.m; path = ../../FORScrollViewEmptyAssistant/Classes/FOREmptyAssistantConfiger.m; sourceTree = "<group>"; };
		DE15217B1DABE5E000A01D27 /* FORScrollViewEmptyAssistant.h */ = {isa = PBXFileReference; fileEncoding = 4; lastKnownFileType = sourcecode.c.h; name = FORScrollViewEmptyAssistant.h; path = ../../FORScrollViewEmptyAssistant/Classes/FORScrollViewEmptyAssistant.h; sourceTree = "<group>"; };
		DE15217C1DABE5E000A01D27 /* FORScrollViewEmptyAssistant.m */ = {isa = PBXFileReference; fileEncoding = 4; lastKnownFileType = sourcecode.c.objc; name = FORScrollViewEmptyAssistant.m; path = ../../FORScrollViewEmptyAssistant/Classes/FORScrollViewEmptyAssistant.m; sourceTree = "<group>"; };
		DE1521811DABE5FD00A01D27 /* blank_button@2x.png */ = {isa = PBXFileReference; lastKnownFileType = image.png; path = "blank_button@2x.png"; sourceTree = "<group>"; };
		DE1521821DABE5FD00A01D27 /* blank_button@3x.png */ = {isa = PBXFileReference; lastKnownFileType = image.png; path = "blank_button@3x.png"; sourceTree = "<group>"; };
		DE1521861DABE61600A01D27 /* DZNEmptyDataSet.framework */ = {isa = PBXFileReference; lastKnownFileType = wrapper.framework; name = DZNEmptyDataSet.framework; path = "Pods/../build/Debug-iphoneos/DZNEmptyDataSet/DZNEmptyDataSet.framework"; sourceTree = "<group>"; };
		DE1521881DABE6C600A01D27 /* DZNEmptyDataSet.framework */ = {isa = PBXFileReference; lastKnownFileType = wrapper.framework; name = DZNEmptyDataSet.framework; path = "/Users/yxj/Library/Developer/Xcode/DerivedData/FORScrollViewEmptyAssistant-eyopldnhsgbqlicbdlcsotsgdtst/Build/Products/Debug-iphonesimulator/DZNEmptyDataSet/DZNEmptyDataSet.framework"; sourceTree = "<absolute>"; };
		DE1521961DABECC300A01D27 /* FORScrollViewEmptyAssistant.framework */ = {isa = PBXFileReference; lastKnownFileType = wrapper.framework; name = FORScrollViewEmptyAssistant.framework; path = "../../../../Library/Developer/Xcode/DerivedData/FORScrollViewEmptyAssistant-eyopldnhsgbqlicbdlcsotsgdtst/Build/Products/Debug-iphonesimulator/FORScrollViewEmptyAssistant/FORScrollViewEmptyAssistant.framework"; sourceTree = "<group>"; };
		DE1521981DABED2400A01D27 /* UIScrollView+EmptyDataSet.h */ = {isa = PBXFileReference; fileEncoding = 4; lastKnownFileType = sourcecode.c.h; name = "UIScrollView+EmptyDataSet.h"; path = "Pods/DZNEmptyDataSet/Source/UIScrollView+EmptyDataSet.h"; sourceTree = SOURCE_ROOT; };
		DE1521991DABED2400A01D27 /* UIScrollView+EmptyDataSet.m */ = {isa = PBXFileReference; fileEncoding = 4; lastKnownFileType = sourcecode.c.objc; name = "UIScrollView+EmptyDataSet.m"; path = "Pods/DZNEmptyDataSet/Source/UIScrollView+EmptyDataSet.m"; sourceTree = SOURCE_ROOT; };
		F014EBB01CED53E800FED264 /* launch.xib */ = {isa = PBXFileReference; fileEncoding = 4; lastKnownFileType = file.xib; path = launch.xib; sourceTree = "<group>"; };
		F93C100435DA870E3A245D68 /* Pods-FORScrollViewEmptyAssistant_Tests.debug.xcconfig */ = {isa = PBXFileReference; includeInIndex = 1; lastKnownFileType = text.xcconfig; name = "Pods-FORScrollViewEmptyAssistant_Tests.debug.xcconfig"; path = "Pods/Target Support Files/Pods-FORScrollViewEmptyAssistant_Tests/Pods-FORScrollViewEmptyAssistant_Tests.debug.xcconfig"; sourceTree = "<group>"; };
/* End PBXFileReference section */

/* Begin PBXFrameworksBuildPhase section */
		6003F587195388D20070C39A /* Frameworks */ = {
			isa = PBXFrameworksBuildPhase;
			buildActionMask = 2147483647;
			files = (
				6003F590195388D20070C39A /* CoreGraphics.framework in Frameworks */,
				6003F592195388D20070C39A /* UIKit.framework in Frameworks */,
				DE15218C1DABE9B200A01D27 /* DZNEmptyDataSet.framework in Frameworks */,
				DE15216F1DABE51300A01D27 /* FORScrollViewEmptyAssistant_iOS.framework in Frameworks */,
				6003F58E195388D20070C39A /* Foundation.framework in Frameworks */,
				756F058B27A779CD0F46EC20 /* Pods_FORScrollViewEmptyAssistant_Example.framework in Frameworks */,
			);
			runOnlyForDeploymentPostprocessing = 0;
		};
		6003F5AB195388D20070C39A /* Frameworks */ = {
			isa = PBXFrameworksBuildPhase;
			buildActionMask = 2147483647;
			files = (
				6003F5B0195388D20070C39A /* XCTest.framework in Frameworks */,
				6003F5B2195388D20070C39A /* UIKit.framework in Frameworks */,
				6003F5B1195388D20070C39A /* Foundation.framework in Frameworks */,
				56B31E28476F70C066306337 /* Pods_FORScrollViewEmptyAssistant_Tests.framework in Frameworks */,
			);
			runOnlyForDeploymentPostprocessing = 0;
		};
		DE1521641DABE51300A01D27 /* Frameworks */ = {
			isa = PBXFrameworksBuildPhase;
			buildActionMask = 2147483647;
			files = (
			);
			runOnlyForDeploymentPostprocessing = 0;
		};
/* End PBXFrameworksBuildPhase section */

/* Begin PBXGroup section */
		4FE4106310A8DF7F31F344A1 /* Pods */ = {
			isa = PBXGroup;
			children = (
				62624AAD12340844B56E2BFF /* Pods-FORScrollViewEmptyAssistant_Example.debug.xcconfig */,
				818B84504070ADF794A4FADC /* Pods-FORScrollViewEmptyAssistant_Example.release.xcconfig */,
				F93C100435DA870E3A245D68 /* Pods-FORScrollViewEmptyAssistant_Tests.debug.xcconfig */,
				2879C1A0E2D21FDB91571E20 /* Pods-FORScrollViewEmptyAssistant_Tests.release.xcconfig */,
			);
			name = Pods;
			sourceTree = "<group>";
		};
		6003F581195388D10070C39A = {
			isa = PBXGroup;
			children = (
				60FF7A9C1954A5C5007DD14C /* Podspec Metadata */,
				6003F593195388D20070C39A /* Example for FORScrollViewEmptyAssistant */,
				6003F5B5195388D20070C39A /* Tests */,
				DE1521691DABE51300A01D27 /* FORScrollViewEmptyAssistant_iOS */,
				6003F58C195388D20070C39A /* Frameworks */,
				6003F58B195388D20070C39A /* Products */,
				4FE4106310A8DF7F31F344A1 /* Pods */,
			);
			sourceTree = "<group>";
		};
		6003F58B195388D20070C39A /* Products */ = {
			isa = PBXGroup;
			children = (
				6003F58A195388D20070C39A /* FORScrollViewEmptyAssistant_Example.app */,
				6003F5AE195388D20070C39A /* FORScrollViewEmptyAssistant_Tests.xctest */,
				DE1521681DABE51300A01D27 /* FORScrollViewEmptyAssistant_iOS.framework */,
			);
			name = Products;
			sourceTree = "<group>";
		};
		6003F58C195388D20070C39A /* Frameworks */ = {
			isa = PBXGroup;
			children = (
				DE1521961DABECC300A01D27 /* FORScrollViewEmptyAssistant.framework */,
				DE1521861DABE61600A01D27 /* DZNEmptyDataSet.framework */,
				6003F58D195388D20070C39A /* Foundation.framework */,
				6003F58F195388D20070C39A /* CoreGraphics.framework */,
				6003F591195388D20070C39A /* UIKit.framework */,
				6003F5AF195388D20070C39A /* XCTest.framework */,
				B3604D49AA5C2F3D2CBCE4A4 /* Pods_FORScrollViewEmptyAssistant_Example.framework */,
				402F5D102B69CA6C1B909E9D /* Pods_FORScrollViewEmptyAssistant_Tests.framework */,
			);
			name = Frameworks;
			sourceTree = "<group>";
		};
		6003F593195388D20070C39A /* Example for FORScrollViewEmptyAssistant */ = {
			isa = PBXGroup;
			children = (
				6003F59C195388D20070C39A /* FORAppDelegate.h */,
				6003F59D195388D20070C39A /* FORAppDelegate.m */,
				873B8AEA1B1F5CCA007FD442 /* Main.storyboard */,
				6003F5A5195388D20070C39A /* FORViewController.h */,
				6003F5A6195388D20070C39A /* FORViewController.m */,
				6003F5A8195388D20070C39A /* Images.xcassets */,
				6003F594195388D20070C39A /* Supporting Files */,
			);
			name = "Example for FORScrollViewEmptyAssistant";
			path = FORScrollViewEmptyAssistant;
			sourceTree = "<group>";
		};
		6003F594195388D20070C39A /* Supporting Files */ = {
			isa = PBXGroup;
			children = (
				6003F595195388D20070C39A /* FORScrollViewEmptyAssistant-Info.plist */,
				6003F596195388D20070C39A /* InfoPlist.strings */,
				6003F599195388D20070C39A /* main.m */,
				6003F59B195388D20070C39A /* FORScrollViewEmptyAssistant-Prefix.pch */,
				F014EBB01CED53E800FED264 /* launch.xib */,
			);
			name = "Supporting Files";
			sourceTree = "<group>";
		};
		6003F5B5195388D20070C39A /* Tests */ = {
			isa = PBXGroup;
			children = (
				6003F5BB195388D20070C39A /* Tests.m */,
				6003F5B6195388D20070C39A /* Supporting Files */,
			);
			path = Tests;
			sourceTree = "<group>";
		};
		6003F5B6195388D20070C39A /* Supporting Files */ = {
			isa = PBXGroup;
			children = (
				6003F5B7195388D20070C39A /* Tests-Info.plist */,
				6003F5B8195388D20070C39A /* InfoPlist.strings */,
				606FC2411953D9B200FFA9A0 /* Tests-Prefix.pch */,
			);
			name = "Supporting Files";
			sourceTree = "<group>";
		};
		60FF7A9C1954A5C5007DD14C /* Podspec Metadata */ = {
			isa = PBXGroup;
			children = (
				1AD138E7204830EE5FC57E7B /* FORScrollViewEmptyAssistant.podspec */,
				BB7F0CE2FEDB72AEE001A8CC /* README.md */,
				2C73FEEB87FD5AFD122401EC /* LICENSE */,
			);
			name = "Podspec Metadata";
			sourceTree = "<group>";
		};
		DE1521691DABE51300A01D27 /* FORScrollViewEmptyAssistant_iOS */ = {
			isa = PBXGroup;
			children = (
				DE15216A1DABE51300A01D27 /* FORScrollViewEmptyAssistant_iOS.h */,
				DE1521791DABE5E000A01D27 /* FOREmptyAssistantConfiger.h */,
				DE15217A1DABE5E000A01D27 /* FOREmptyAssistantConfiger.m */,
				DE15217B1DABE5E000A01D27 /* FORScrollViewEmptyAssistant.h */,
				DE15217C1DABE5E000A01D27 /* FORScrollViewEmptyAssistant.m */,
				DE1521981DABED2400A01D27 /* UIScrollView+EmptyDataSet.h */,
				DE1521991DABED2400A01D27 /* UIScrollView+EmptyDataSet.m */,
				DE1521831DABE5FD00A01D27 /* Assets */,
				DE15216B1DABE51300A01D27 /* Info.plist */,
			);
			path = FORScrollViewEmptyAssistant_iOS;
			sourceTree = "<group>";
		};
		DE1521831DABE5FD00A01D27 /* Assets */ = {
			isa = PBXGroup;
			children = (
				DE1521811DABE5FD00A01D27 /* blank_button@2x.png */,
				DE1521821DABE5FD00A01D27 /* blank_button@3x.png */,
			);
			name = Assets;
			path = ../../FORScrollViewEmptyAssistant/Assets;
			sourceTree = "<group>";
		};
/* End PBXGroup section */

/* Begin PBXHeadersBuildPhase section */
		DE1521651DABE51300A01D27 /* Headers */ = {
			isa = PBXHeadersBuildPhase;
			buildActionMask = 2147483647;
			files = (
				DE15217D1DABE5E000A01D27 /* FOREmptyAssistantConfiger.h in Headers */,
				DE15219A1DABED2400A01D27 /* UIScrollView+EmptyDataSet.h in Headers */,
				DE15217F1DABE5E000A01D27 /* FORScrollViewEmptyAssistant.h in Headers */,
				DE15216C1DABE51300A01D27 /* FORScrollViewEmptyAssistant_iOS.h in Headers */,
			);
			runOnlyForDeploymentPostprocessing = 0;
		};
/* End PBXHeadersBuildPhase section */

/* Begin PBXNativeTarget section */
		6003F589195388D20070C39A /* FORScrollViewEmptyAssistant_Example */ = {
			isa = PBXNativeTarget;
			buildConfigurationList = 6003F5BF195388D20070C39A /* Build configuration list for PBXNativeTarget "FORScrollViewEmptyAssistant_Example" */;
			buildPhases = (
				E858CFEC42BF310E47C2A8A4 /* 📦 Check Pods Manifest.lock */,
				6003F586195388D20070C39A /* Sources */,
				6003F587195388D20070C39A /* Frameworks */,
				6003F588195388D20070C39A /* Resources */,
				BDC1E1EE549152B3B1F5F59B /* 📦 Embed Pods Frameworks */,
				37463825655F2C26C201C207 /* 📦 Copy Pods Resources */,
				DE1521741DABE51300A01D27 /* Embed Frameworks */,
			);
			buildRules = (
			);
			dependencies = (
				DE15216E1DABE51300A01D27 /* PBXTargetDependency */,
			);
			name = FORScrollViewEmptyAssistant_Example;
			productName = FORScrollViewEmptyAssistant;
			productReference = 6003F58A195388D20070C39A /* FORScrollViewEmptyAssistant_Example.app */;
			productType = "com.apple.product-type.application";
		};
		6003F5AD195388D20070C39A /* FORScrollViewEmptyAssistant_Tests */ = {
			isa = PBXNativeTarget;
			buildConfigurationList = 6003F5C2195388D20070C39A /* Build configuration list for PBXNativeTarget "FORScrollViewEmptyAssistant_Tests" */;
			buildPhases = (
				72C4CD4F580598AE681275CA /* 📦 Check Pods Manifest.lock */,
				6003F5AA195388D20070C39A /* Sources */,
				6003F5AB195388D20070C39A /* Frameworks */,
				6003F5AC195388D20070C39A /* Resources */,
				9438602E9E76B027432085F6 /* 📦 Embed Pods Frameworks */,
				54413A3F41CE1560A24C6632 /* 📦 Copy Pods Resources */,
			);
			buildRules = (
			);
			dependencies = (
				6003F5B4195388D20070C39A /* PBXTargetDependency */,
			);
			name = FORScrollViewEmptyAssistant_Tests;
			productName = FORScrollViewEmptyAssistantTests;
			productReference = 6003F5AE195388D20070C39A /* FORScrollViewEmptyAssistant_Tests.xctest */;
			productType = "com.apple.product-type.bundle.unit-test";
		};
		DE1521671DABE51300A01D27 /* FORScrollViewEmptyAssistant_iOS */ = {
			isa = PBXNativeTarget;
			buildConfigurationList = DE1521731DABE51300A01D27 /* Build configuration list for PBXNativeTarget "FORScrollViewEmptyAssistant_iOS" */;
			buildPhases = (
				DE1521631DABE51300A01D27 /* Sources */,
				DE1521641DABE51300A01D27 /* Frameworks */,
				DE1521651DABE51300A01D27 /* Headers */,
				DE1521661DABE51300A01D27 /* Resources */,
			);
			buildRules = (
			);
			dependencies = (
			);
			name = FORScrollViewEmptyAssistant_iOS;
			productName = FORScrollViewEmptyAssistant_iOS;
			productReference = DE1521681DABE51300A01D27 /* FORScrollViewEmptyAssistant_iOS.framework */;
			productType = "com.apple.product-type.framework";
		};
/* End PBXNativeTarget section */

/* Begin PBXProject section */
		6003F582195388D10070C39A /* Project object */ = {
			isa = PBXProject;
			attributes = {
				CLASSPREFIX = FOR;
				LastUpgradeCheck = 0800;
				ORGANIZATIONNAME = XcodeYang;
				TargetAttributes = {
					6003F589195388D20070C39A = {
						DevelopmentTeam = 5N5628A342;
					};
					6003F5AD195388D20070C39A = {
						TestTargetID = 6003F589195388D20070C39A;
					};
					DE1521671DABE51300A01D27 = {
						CreatedOnToolsVersion = 8.0;
						LastSwiftMigration = 0810;
						ProvisioningStyle = Automatic;
					};
				};
			};
			buildConfigurationList = 6003F585195388D10070C39A /* Build configuration list for PBXProject "FORScrollViewEmptyAssistant" */;
			compatibilityVersion = "Xcode 3.2";
			developmentRegion = English;
			hasScannedForEncodings = 0;
			knownRegions = (
				en,
				Base,
			);
			mainGroup = 6003F581195388D10070C39A;
			productRefGroup = 6003F58B195388D20070C39A /* Products */;
			projectDirPath = "";
			projectRoot = "";
			targets = (
				6003F589195388D20070C39A /* FORScrollViewEmptyAssistant_Example */,
				6003F5AD195388D20070C39A /* FORScrollViewEmptyAssistant_Tests */,
				DE1521671DABE51300A01D27 /* FORScrollViewEmptyAssistant_iOS */,
			);
		};
/* End PBXProject section */

/* Begin PBXResourcesBuildPhase section */
		6003F588195388D20070C39A /* Resources */ = {
			isa = PBXResourcesBuildPhase;
			buildActionMask = 2147483647;
			files = (
				873B8AEB1B1F5CCA007FD442 /* Main.storyboard in Resources */,
				6003F5A9195388D20070C39A /* Images.xcassets in Resources */,
				F014EBB11CED53E800FED264 /* launch.xib in Resources */,
				6003F598195388D20070C39A /* InfoPlist.strings in Resources */,
			);
			runOnlyForDeploymentPostprocessing = 0;
		};
		6003F5AC195388D20070C39A /* Resources */ = {
			isa = PBXResourcesBuildPhase;
			buildActionMask = 2147483647;
			files = (
				6003F5BA195388D20070C39A /* InfoPlist.strings in Resources */,
			);
			runOnlyForDeploymentPostprocessing = 0;
		};
		DE1521661DABE51300A01D27 /* Resources */ = {
			isa = PBXResourcesBuildPhase;
			buildActionMask = 2147483647;
			files = (
				DE1521851DABE5FD00A01D27 /* blank_button@3x.png in Resources */,
				DE1521841DABE5FD00A01D27 /* blank_button@2x.png in Resources */,
			);
			runOnlyForDeploymentPostprocessing = 0;
		};
/* End PBXResourcesBuildPhase section */

/* Begin PBXShellScriptBuildPhase section */
		37463825655F2C26C201C207 /* 📦 Copy Pods Resources */ = {
			isa = PBXShellScriptBuildPhase;
			buildActionMask = 2147483647;
			files = (
			);
			inputPaths = (
			);
			name = "📦 Copy Pods Resources";
			outputPaths = (
			);
			runOnlyForDeploymentPostprocessing = 0;
			shellPath = /bin/sh;
			shellScript = "\"${SRCROOT}/Pods/Target Support Files/Pods-FORScrollViewEmptyAssistant_Example/Pods-FORScrollViewEmptyAssistant_Example-resources.sh\"\n";
			showEnvVarsInLog = 0;
		};
		54413A3F41CE1560A24C6632 /* 📦 Copy Pods Resources */ = {
			isa = PBXShellScriptBuildPhase;
			buildActionMask = 2147483647;
			files = (
			);
			inputPaths = (
			);
			name = "📦 Copy Pods Resources";
			outputPaths = (
			);
			runOnlyForDeploymentPostprocessing = 0;
			shellPath = /bin/sh;
			shellScript = "\"${SRCROOT}/Pods/Target Support Files/Pods-FORScrollViewEmptyAssistant_Tests/Pods-FORScrollViewEmptyAssistant_Tests-resources.sh\"\n";
			showEnvVarsInLog = 0;
		};
		72C4CD4F580598AE681275CA /* 📦 Check Pods Manifest.lock */ = {
			isa = PBXShellScriptBuildPhase;
			buildActionMask = 2147483647;
			files = (
			);
			inputPaths = (
			);
			name = "📦 Check Pods Manifest.lock";
			outputPaths = (
			);
			runOnlyForDeploymentPostprocessing = 0;
			shellPath = /bin/sh;
			shellScript = "diff \"${PODS_ROOT}/../Podfile.lock\" \"${PODS_ROOT}/Manifest.lock\" > /dev/null\nif [[ $? != 0 ]] ; then\n    cat << EOM\nerror: The sandbox is not in sync with the Podfile.lock. Run 'pod install' or update your CocoaPods installation.\nEOM\n    exit 1\nfi\n";
			showEnvVarsInLog = 0;
		};
		9438602E9E76B027432085F6 /* 📦 Embed Pods Frameworks */ = {
			isa = PBXShellScriptBuildPhase;
			buildActionMask = 2147483647;
			files = (
			);
			inputPaths = (
			);
			name = "📦 Embed Pods Frameworks";
			outputPaths = (
			);
			runOnlyForDeploymentPostprocessing = 0;
			shellPath = /bin/sh;
			shellScript = "\"${SRCROOT}/Pods/Target Support Files/Pods-FORScrollViewEmptyAssistant_Tests/Pods-FORScrollViewEmptyAssistant_Tests-frameworks.sh\"\n";
			showEnvVarsInLog = 0;
		};
		BDC1E1EE549152B3B1F5F59B /* 📦 Embed Pods Frameworks */ = {
			isa = PBXShellScriptBuildPhase;
			buildActionMask = 2147483647;
			files = (
			);
			inputPaths = (
			);
			name = "📦 Embed Pods Frameworks";
			outputPaths = (
			);
			runOnlyForDeploymentPostprocessing = 0;
			shellPath = /bin/sh;
			shellScript = "\"${SRCROOT}/Pods/Target Support Files/Pods-FORScrollViewEmptyAssistant_Example/Pods-FORScrollViewEmptyAssistant_Example-frameworks.sh\"\n";
			showEnvVarsInLog = 0;
		};
		E858CFEC42BF310E47C2A8A4 /* 📦 Check Pods Manifest.lock */ = {
			isa = PBXShellScriptBuildPhase;
			buildActionMask = 2147483647;
			files = (
			);
			inputPaths = (
			);
			name = "📦 Check Pods Manifest.lock";
			outputPaths = (
			);
			runOnlyForDeploymentPostprocessing = 0;
			shellPath = /bin/sh;
			shellScript = "diff \"${PODS_ROOT}/../Podfile.lock\" \"${PODS_ROOT}/Manifest.lock\" > /dev/null\nif [[ $? != 0 ]] ; then\n    cat << EOM\nerror: The sandbox is not in sync with the Podfile.lock. Run 'pod install' or update your CocoaPods installation.\nEOM\n    exit 1\nfi\n";
			showEnvVarsInLog = 0;
		};
/* End PBXShellScriptBuildPhase section */

/* Begin PBXSourcesBuildPhase section */
		6003F586195388D20070C39A /* Sources */ = {
			isa = PBXSourcesBuildPhase;
			buildActionMask = 2147483647;
			files = (
				6003F59E195388D20070C39A /* FORAppDelegate.m in Sources */,
				6003F5A7195388D20070C39A /* FORViewController.m in Sources */,
				6003F59A195388D20070C39A /* main.m in Sources */,
			);
			runOnlyForDeploymentPostprocessing = 0;
		};
		6003F5AA195388D20070C39A /* Sources */ = {
			isa = PBXSourcesBuildPhase;
			buildActionMask = 2147483647;
			files = (
				6003F5BC195388D20070C39A /* Tests.m in Sources */,
			);
			runOnlyForDeploymentPostprocessing = 0;
		};
		DE1521631DABE51300A01D27 /* Sources */ = {
			isa = PBXSourcesBuildPhase;
			buildActionMask = 2147483647;
			files = (
				DE1521801DABE5E000A01D27 /* FORScrollViewEmptyAssistant.m in Sources */,
				DE15219B1DABED2400A01D27 /* UIScrollView+EmptyDataSet.m in Sources */,
				DE15217E1DABE5E000A01D27 /* FOREmptyAssistantConfiger.m in Sources */,
			);
			runOnlyForDeploymentPostprocessing = 0;
		};
/* End PBXSourcesBuildPhase section */

/* Begin PBXTargetDependency section */
		6003F5B4195388D20070C39A /* PBXTargetDependency */ = {
			isa = PBXTargetDependency;
			target = 6003F589195388D20070C39A /* FORScrollViewEmptyAssistant_Example */;
			targetProxy = 6003F5B3195388D20070C39A /* PBXContainerItemProxy */;
		};
		DE15216E1DABE51300A01D27 /* PBXTargetDependency */ = {
			isa = PBXTargetDependency;
			target = DE1521671DABE51300A01D27 /* FORScrollViewEmptyAssistant_iOS */;
			targetProxy = DE15216D1DABE51300A01D27 /* PBXContainerItemProxy */;
		};
/* End PBXTargetDependency section */

/* Begin PBXVariantGroup section */
		6003F596195388D20070C39A /* InfoPlist.strings */ = {
			isa = PBXVariantGroup;
			children = (
				6003F597195388D20070C39A /* en */,
			);
			name = InfoPlist.strings;
			sourceTree = "<group>";
		};
		6003F5B8195388D20070C39A /* InfoPlist.strings */ = {
			isa = PBXVariantGroup;
			children = (
				6003F5B9195388D20070C39A /* en */,
			);
			name = InfoPlist.strings;
			sourceTree = "<group>";
		};
/* End PBXVariantGroup section */

/* Begin XCBuildConfiguration section */
		6003F5BD195388D20070C39A /* Debug */ = {
			isa = XCBuildConfiguration;
			buildSettings = {
				ALWAYS_SEARCH_USER_PATHS = NO;
				CLANG_CXX_LANGUAGE_STANDARD = "gnu++0x";
				CLANG_CXX_LIBRARY = "libc++";
				CLANG_ENABLE_MODULES = YES;
				CLANG_ENABLE_OBJC_ARC = YES;
				CLANG_WARN_BOOL_CONVERSION = YES;
				CLANG_WARN_CONSTANT_CONVERSION = YES;
				CLANG_WARN_DIRECT_OBJC_ISA_USAGE = YES_ERROR;
				CLANG_WARN_EMPTY_BODY = YES;
				CLANG_WARN_ENUM_CONVERSION = YES;
				CLANG_WARN_INFINITE_RECURSION = YES;
				CLANG_WARN_INT_CONVERSION = YES;
				CLANG_WARN_OBJC_ROOT_CLASS = YES_ERROR;
				CLANG_WARN_SUSPICIOUS_MOVE = YES;
				CLANG_WARN_UNREACHABLE_CODE = YES;
				CLANG_WARN__DUPLICATE_METHOD_MATCH = YES;
				"CODE_SIGN_IDENTITY[sdk=iphoneos*]" = "iPhone Developer";
				COPY_PHASE_STRIP = NO;
				ENABLE_STRICT_OBJC_MSGSEND = YES;
				ENABLE_TESTABILITY = YES;
				GCC_C_LANGUAGE_STANDARD = gnu99;
				GCC_DYNAMIC_NO_PIC = NO;
				GCC_NO_COMMON_BLOCKS = YES;
				GCC_OPTIMIZATION_LEVEL = 0;
				GCC_PREPROCESSOR_DEFINITIONS = (
					"DEBUG=1",
					"$(inherited)",
				);
				GCC_SYMBOLS_PRIVATE_EXTERN = NO;
				GCC_WARN_64_TO_32_BIT_CONVERSION = YES;
				GCC_WARN_ABOUT_RETURN_TYPE = YES_ERROR;
				GCC_WARN_UNDECLARED_SELECTOR = YES;
				GCC_WARN_UNINITIALIZED_AUTOS = YES_AGGRESSIVE;
				GCC_WARN_UNUSED_FUNCTION = YES;
				GCC_WARN_UNUSED_VARIABLE = YES;
				IPHONEOS_DEPLOYMENT_TARGET = 8.3;
				ONLY_ACTIVE_ARCH = YES;
				SDKROOT = iphoneos;
				TARGETED_DEVICE_FAMILY = "1,2";
			};
			name = Debug;
		};
		6003F5BE195388D20070C39A /* Release */ = {
			isa = XCBuildConfiguration;
			buildSettings = {
				ALWAYS_SEARCH_USER_PATHS = NO;
				CLANG_CXX_LANGUAGE_STANDARD = "gnu++0x";
				CLANG_CXX_LIBRARY = "libc++";
				CLANG_ENABLE_MODULES = YES;
				CLANG_ENABLE_OBJC_ARC = YES;
				CLANG_WARN_BOOL_CONVERSION = YES;
				CLANG_WARN_CONSTANT_CONVERSION = YES;
				CLANG_WARN_DIRECT_OBJC_ISA_USAGE = YES_ERROR;
				CLANG_WARN_EMPTY_BODY = YES;
				CLANG_WARN_ENUM_CONVERSION = YES;
				CLANG_WARN_INFINITE_RECURSION = YES;
				CLANG_WARN_INT_CONVERSION = YES;
				CLANG_WARN_OBJC_ROOT_CLASS = YES_ERROR;
				CLANG_WARN_SUSPICIOUS_MOVE = YES;
				CLANG_WARN_UNREACHABLE_CODE = YES;
				CLANG_WARN__DUPLICATE_METHOD_MATCH = YES;
				"CODE_SIGN_IDENTITY[sdk=iphoneos*]" = "iPhone Developer";
				COPY_PHASE_STRIP = YES;
				ENABLE_NS_ASSERTIONS = NO;
				ENABLE_STRICT_OBJC_MSGSEND = YES;
				GCC_C_LANGUAGE_STANDARD = gnu99;
				GCC_NO_COMMON_BLOCKS = YES;
				GCC_WARN_64_TO_32_BIT_CONVERSION = YES;
				GCC_WARN_ABOUT_RETURN_TYPE = YES_ERROR;
				GCC_WARN_UNDECLARED_SELECTOR = YES;
				GCC_WARN_UNINITIALIZED_AUTOS = YES_AGGRESSIVE;
				GCC_WARN_UNUSED_FUNCTION = YES;
				GCC_WARN_UNUSED_VARIABLE = YES;
				IPHONEOS_DEPLOYMENT_TARGET = 8.3;
				SDKROOT = iphoneos;
				TARGETED_DEVICE_FAMILY = "1,2";
				VALIDATE_PRODUCT = YES;
			};
			name = Release;
		};
		6003F5C0195388D20070C39A /* Debug */ = {
			isa = XCBuildConfiguration;
			baseConfigurationReference = 62624AAD12340844B56E2BFF /* Pods-FORScrollViewEmptyAssistant_Example.debug.xcconfig */;
			buildSettings = {
				ASSETCATALOG_COMPILER_APPICON_NAME = AppIcon;
				ASSETCATALOG_COMPILER_LAUNCHIMAGE_NAME = LaunchImage;
				DEVELOPMENT_TEAM = 5N5628A342;
				GCC_PRECOMPILE_PREFIX_HEADER = YES;
				GCC_PREFIX_HEADER = "FORScrollViewEmptyAssistant/FORScrollViewEmptyAssistant-Prefix.pch";
				INFOPLIST_FILE = "FORScrollViewEmptyAssistant/FORScrollViewEmptyAssistant-Info.plist";
				IPHONEOS_DEPLOYMENT_TARGET = 8.0;
				LD_RUNPATH_SEARCH_PATHS = "$(inherited) @executable_path/Frameworks";
				MODULE_NAME = ExampleApp;
				PRODUCT_BUNDLE_IDENTIFIER = "org.cocoapods.demo.${PRODUCT_NAME:rfc1034identifier}";
				PRODUCT_NAME = "$(TARGET_NAME)";
				WRAPPER_EXTENSION = app;
			};
			name = Debug;
		};
		6003F5C1195388D20070C39A /* Release */ = {
			isa = XCBuildConfiguration;
			baseConfigurationReference = 818B84504070ADF794A4FADC /* Pods-FORScrollViewEmptyAssistant_Example.release.xcconfig */;
			buildSettings = {
				ASSETCATALOG_COMPILER_APPICON_NAME = AppIcon;
				ASSETCATALOG_COMPILER_LAUNCHIMAGE_NAME = LaunchImage;
				DEVELOPMENT_TEAM = 5N5628A342;
				GCC_PRECOMPILE_PREFIX_HEADER = YES;
				GCC_PREFIX_HEADER = "FORScrollViewEmptyAssistant/FORScrollViewEmptyAssistant-Prefix.pch";
				INFOPLIST_FILE = "FORScrollViewEmptyAssistant/FORScrollViewEmptyAssistant-Info.plist";
				IPHONEOS_DEPLOYMENT_TARGET = 8.0;
				LD_RUNPATH_SEARCH_PATHS = "$(inherited) @executable_path/Frameworks";
				MODULE_NAME = ExampleApp;
				PRODUCT_BUNDLE_IDENTIFIER = "org.cocoapods.demo.${PRODUCT_NAME:rfc1034identifier}";
				PRODUCT_NAME = "$(TARGET_NAME)";
				WRAPPER_EXTENSION = app;
			};
			name = Release;
		};
		6003F5C3195388D20070C39A /* Debug */ = {
			isa = XCBuildConfiguration;
			baseConfigurationReference = F93C100435DA870E3A245D68 /* Pods-FORScrollViewEmptyAssistant_Tests.debug.xcconfig */;
			buildSettings = {
				ALWAYS_EMBED_SWIFT_STANDARD_LIBRARIES = YES;
				BUNDLE_LOADER = "$(TEST_HOST)";
				FRAMEWORK_SEARCH_PATHS = (
					"$(SDKROOT)/Developer/Library/Frameworks",
					"$(inherited)",
					"$(DEVELOPER_FRAMEWORKS_DIR)",
				);
				GCC_PRECOMPILE_PREFIX_HEADER = YES;
				GCC_PREFIX_HEADER = "Tests/Tests-Prefix.pch";
				GCC_PREPROCESSOR_DEFINITIONS = (
					"DEBUG=1",
					"$(inherited)",
				);
				INFOPLIST_FILE = "Tests/Tests-Info.plist";
				PRODUCT_BUNDLE_IDENTIFIER = "org.cocoapods.demo.${PRODUCT_NAME:rfc1034identifier}";
				PRODUCT_NAME = "$(TARGET_NAME)";
				TEST_HOST = "$(BUILT_PRODUCTS_DIR)/FORScrollViewEmptyAssistant_Example.app/FORScrollViewEmptyAssistant_Example";
				WRAPPER_EXTENSION = xctest;
			};
			name = Debug;
		};
		6003F5C4195388D20070C39A /* Release */ = {
			isa = XCBuildConfiguration;
			baseConfigurationReference = 2879C1A0E2D21FDB91571E20 /* Pods-FORScrollViewEmptyAssistant_Tests.release.xcconfig */;
			buildSettings = {
				ALWAYS_EMBED_SWIFT_STANDARD_LIBRARIES = YES;
				BUNDLE_LOADER = "$(TEST_HOST)";
				FRAMEWORK_SEARCH_PATHS = (
					"$(SDKROOT)/Developer/Library/Frameworks",
					"$(inherited)",
					"$(DEVELOPER_FRAMEWORKS_DIR)",
				);
				GCC_PRECOMPILE_PREFIX_HEADER = YES;
				GCC_PREFIX_HEADER = "Tests/Tests-Prefix.pch";
				INFOPLIST_FILE = "Tests/Tests-Info.plist";
				PRODUCT_BUNDLE_IDENTIFIER = "org.cocoapods.demo.${PRODUCT_NAME:rfc1034identifier}";
				PRODUCT_NAME = "$(TARGET_NAME)";
				TEST_HOST = "$(BUILT_PRODUCTS_DIR)/FORScrollViewEmptyAssistant_Example.app/FORScrollViewEmptyAssistant_Example";
				WRAPPER_EXTENSION = xctest;
			};
			name = Release;
		};
		DE1521711DABE51300A01D27 /* Debug */ = {
			isa = XCBuildConfiguration;
			buildSettings = {
				CLANG_ANALYZER_NONNULL = YES;
				CLANG_WARN_DOCUMENTATION_COMMENTS = YES;
				CLANG_WARN_INFINITE_RECURSION = YES;
				CLANG_WARN_SUSPICIOUS_MOVES = YES;
				CLANG_WARN_UNREACHABLE_CODE = YES;
				CODE_SIGN_IDENTITY = "";
				CURRENT_PROJECT_VERSION = 1;
				DEBUG_INFORMATION_FORMAT = dwarf;
				DEFINES_MODULE = YES;
				DYLIB_COMPATIBILITY_VERSION = 1;
				DYLIB_CURRENT_VERSION = 1;
				DYLIB_INSTALL_NAME_BASE = "@rpath";
				ENABLE_STRICT_OBJC_MSGSEND = YES;
				FRAMEWORK_SEARCH_PATHS = "$(inherited)";
				GCC_NO_COMMON_BLOCKS = YES;
				INFOPLIST_FILE = FORScrollViewEmptyAssistant_iOS/Info.plist;
				INSTALL_PATH = "$(LOCAL_LIBRARY_DIR)/Frameworks";
				IPHONEOS_DEPLOYMENT_TARGET = 9.0;
				LD_RUNPATH_SEARCH_PATHS = "$(inherited) @executable_path/Frameworks @loader_path/Frameworks";
				MTL_ENABLE_DEBUG_INFO = YES;
				PRODUCT_BUNDLE_IDENTIFIER = "com.YXJ.FORScrollViewEmptyAssistant-iOS";
				PRODUCT_MODULE_NAME = FORScrollViewEmptyAssistant_iOS;
				PRODUCT_NAME = FORScrollViewEmptyAssistant_iOS;
				SKIP_INSTALL = YES;
				SWIFT_ACTIVE_COMPILATION_CONDITIONS = DEBUG;
				SWIFT_OPTIMIZATION_LEVEL = "-Onone";
				SWIFT_VERSION = 3.0;
				VERSIONING_SYSTEM = "apple-generic";
				VERSION_INFO_PREFIX = "";
			};
			name = Debug;
		};
		DE1521721DABE51300A01D27 /* Release */ = {
			isa = XCBuildConfiguration;
			buildSettings = {
				CLANG_ANALYZER_NONNULL = YES;
				CLANG_WARN_DOCUMENTATION_COMMENTS = YES;
				CLANG_WARN_INFINITE_RECURSION = YES;
				CLANG_WARN_SUSPICIOUS_MOVES = YES;
				CLANG_WARN_UNREACHABLE_CODE = YES;
				CODE_SIGN_IDENTITY = "";
				COPY_PHASE_STRIP = NO;
				CURRENT_PROJECT_VERSION = 1;
				DEBUG_INFORMATION_FORMAT = "dwarf-with-dsym";
				DEFINES_MODULE = YES;
				DYLIB_COMPATIBILITY_VERSION = 1;
				DYLIB_CURRENT_VERSION = 1;
				DYLIB_INSTALL_NAME_BASE = "@rpath";
				ENABLE_STRICT_OBJC_MSGSEND = YES;
				FRAMEWORK_SEARCH_PATHS = "$(inherited)";
				GCC_NO_COMMON_BLOCKS = YES;
				INFOPLIST_FILE = FORScrollViewEmptyAssistant_iOS/Info.plist;
				INSTALL_PATH = "$(LOCAL_LIBRARY_DIR)/Frameworks";
				IPHONEOS_DEPLOYMENT_TARGET = 9.0;
				LD_RUNPATH_SEARCH_PATHS = "$(inherited) @executable_path/Frameworks @loader_path/Frameworks";
				MTL_ENABLE_DEBUG_INFO = NO;
				PRODUCT_BUNDLE_IDENTIFIER = "com.YXJ.FORScrollViewEmptyAssistant-iOS";
				PRODUCT_MODULE_NAME = FORScrollViewEmptyAssistant_iOS;
				PRODUCT_NAME = FORScrollViewEmptyAssistant_iOS;
				SKIP_INSTALL = YES;
				SWIFT_OPTIMIZATION_LEVEL = "-Owholemodule";
				SWIFT_VERSION = 3.0;
				VERSIONING_SYSTEM = "apple-generic";
				VERSION_INFO_PREFIX = "";
			};
			name = Release;
		};
/* End XCBuildConfiguration section */

/* Begin XCConfigurationList section */
		6003F585195388D10070C39A /* Build configuration list for PBXProject "FORScrollViewEmptyAssistant" */ = {
			isa = XCConfigurationList;
			buildConfigurations = (
				6003F5BD195388D20070C39A /* Debug */,
				6003F5BE195388D20070C39A /* Release */,
			);
			defaultConfigurationIsVisible = 0;
			defaultConfigurationName = Release;
		};
		6003F5BF195388D20070C39A /* Build configuration list for PBXNativeTarget "FORScrollViewEmptyAssistant_Example" */ = {
			isa = XCConfigurationList;
			buildConfigurations = (
				6003F5C0195388D20070C39A /* Debug */,
				6003F5C1195388D20070C39A /* Release */,
			);
			defaultConfigurationIsVisible = 0;
			defaultConfigurationName = Release;
		};
		6003F5C2195388D20070C39A /* Build configuration list for PBXNativeTarget "FORScrollViewEmptyAssistant_Tests" */ = {
			isa = XCConfigurationList;
			buildConfigurations = (
				6003F5C3195388D20070C39A /* Debug */,
				6003F5C4195388D20070C39A /* Release */,
			);
			defaultConfigurationIsVisible = 0;
			defaultConfigurationName = Release;
		};
		DE1521731DABE51300A01D27 /* Build configuration list for PBXNativeTarget "FORScrollViewEmptyAssistant_iOS" */ = {
			isa = XCConfigurationList;
			buildConfigurations = (
				DE1521711DABE51300A01D27 /* Debug */,
				DE1521721DABE51300A01D27 /* Release */,
			);
			defaultConfigurationIsVisible = 0;
			defaultConfigurationName = Release;
		};
/* End XCConfigurationList section */
	};
	rootObject = 6003F582195388D10070C39A /* Project object */;
}
